uuid: a7e7dd3b-9328-4ba5-bb83-44c6a005dda3
langcode: en
status: true
dependencies:
  config:
    - views.view.additional_resources
  module:
    - context
    - system
    - views
  theme:
    - oira_theme
id: views_block__additional_resources_block
theme: oira_theme
region: content
weight: -8
provider: null
plugin: 'views_block:additional_resources-block'
settings:
  id: 'views_block:additional_resources-block'
  label: 'Additional resources'
  label_display: visible
  provider: views
  context_mapping: {  }
  views_label: 'Additional resources'
  items_per_page: none
visibility:
  request_path_exclusion:
    id: request_path_exclusion
    negate: null
    pages: ''
  view_inclusion:
    id: view_inclusion
    negate: null
    view_inclusion: {  }
  request_path:
    id: request_path
    negate: false
    pages: /what-risk-assessment
